{
  "pins" : [
    {
      "identity" : "kvkcalendar",
      "kind" : "remoteSourceControl",
      "location" : "https://github.com/kvyatkovskys/KVKCalendar",
      "state" : {
        "branch" : "master",
        "revision" : "67bc7f2808b5aa73a639052ddfe6fec89f77ddc5"
      }
    }
  ],
  "version" : 2
}
