{
  "object": {
    "pins": [
      {
        "package": "SwiftSoup",
        "repositoryURL": "https://github.com/scinfu/SwiftSoup.git",
        "state": {
          "branch": "master",
          "revision": "3fa09f4d79e5172b14cb50e02f1d5f115a2bbaef",
          "version": null
        }
      },
      {
        "package": "SwiftUIPager",
        "repositoryURL": "https://github.com/fermoya/SwiftUIPager.git",
        "state": {
          "branch": "develop",
          "revision": "4da9432cfd94312177da069d9b5efa74f1e616b5",
          "version": null
        }
      }
    ]
  },
  "version": 1
}
